
Microsoft Visual Studio Solution File, Format Version 12.00
# Visual Studio Version 17
VisualStudioVersion = 17.14.36327.8 d17.14
MinimumVisualStudioVersion = 10.0.40219.1
Project("{FAE04EC0-301F-11D3-BF4B-00C04F79EFBC}") = "OOP", "OOP\OOP.csproj", "{2B4FFE2A-302B-4BDE-A42C-295409B447B1}"
EndProject
Project("{FAE04EC0-301F-11D3-BF4B-00C04F79EFBC}") = "Domain", "Domain\Domain.csproj", "{0850A1B3-2AB9-4AFC-A9FB-9ED5550698CC}"
EndProject
Global
	GlobalSection(SolutionConfigurationPlatforms) = preSolution
		Debug|Any CPU = Debug|Any CPU
		Release|Any CPU = Release|Any CPU
	EndGlobalSection
	GlobalSection(ProjectConfigurationPlatforms) = postSolution
		{2B4FFE2A-302B-4BDE-A42C-295409B447B1}.Debug|Any CPU.ActiveCfg = Debug|Any CPU
		{2B4FFE2A-302B-4BDE-A42C-295409B447B1}.Debug|Any CPU.Build.0 = Debug|Any CPU
		{2B4FFE2A-302B-4BDE-A42C-295409B447B1}.Release|Any CPU.ActiveCfg = Release|Any CPU
		{2B4FFE2A-302B-4BDE-A42C-295409B447B1}.Release|Any CPU.Build.0 = Release|Any CPU
		{0850A1B3-2AB9-4AFC-A9FB-9ED5550698CC}.Debug|Any CPU.ActiveCfg = Debug|Any CPU
		{0850A1B3-2AB9-4AFC-A9FB-9ED5550698CC}.Debug|Any CPU.Build.0 = Debug|Any CPU
		{0850A1B3-2AB9-4AFC-A9FB-9ED5550698CC}.Release|Any CPU.ActiveCfg = Release|Any CPU
		{0850A1B3-2AB9-4AFC-A9FB-9ED5550698CC}.Release|Any CPU.Build.0 = Release|Any CPU
	EndGlobalSection
	GlobalSection(SolutionProperties) = preSolution
		HideSolutionNode = FALSE
	EndGlobalSection
	GlobalSection(ExtensibilityGlobals) = postSolution
		SolutionGuid = {209EDE5C-067B-4263-AEAF-69BB972FA36D}
	EndGlobalSection
EndGlobal
